
Microsoft Visual Studio Solution File, Format Version 12.00
# Visual Studio Version 17
VisualStudioVersion = 17.8.34330.188
MinimumVisualStudioVersion = 10.0.40219.1
Project("{2150E333-8FDC-42A3-9474-1A3956D46DE8}") = "src", "src", "{4BB2D89B-955C-4DC2-B7B5-112DCC1D18F5}"
EndProject
Project("{9A19103F-16F7-4668-BE54-9A1E7A4F7556}") = "M3UManager", "src\M3UManager\M3UManager.csproj", "{96E1B3DD-3FF7-4ED2-ACAB-C31EDB69E5C8}"
EndProject
Project("{2150E333-8FDC-42A3-9474-1A3956D46DE8}") = "tests", "tests", "{E1957E0D-84FB-4D43-AD8A-452A50FEA7D2}"
EndProject
Project("{9A19103F-16F7-4668-BE54-9A1E7A4F7556}") = "M3UManager.Tests", "tests\M3UManager.Tests\M3UManager.Tests.csproj", "{B29EC9D5-0FF6-445C-89AC-C7DFEE5775C2}"
EndProject
Global
	GlobalSection(SolutionConfigurationPlatforms) = preSolution
		Debug|Any CPU = Debug|Any CPU
		Release|Any CPU = Release|Any CPU
	EndGlobalSection
	GlobalSection(ProjectConfigurationPlatforms) = postSolution
		{96E1B3DD-3FF7-4ED2-ACAB-C31EDB69E5C8}.Debug|Any CPU.ActiveCfg = Debug|Any CPU
		{96E1B3DD-3FF7-4ED2-ACAB-C31EDB69E5C8}.Debug|Any CPU.Build.0 = Debug|Any CPU
		{96E1B3DD-3FF7-4ED2-ACAB-C31EDB69E5C8}.Release|Any CPU.ActiveCfg = Release|Any CPU
		{96E1B3DD-3FF7-4ED2-ACAB-C31EDB69E5C8}.Release|Any CPU.Build.0 = Release|Any CPU
		{B29EC9D5-0FF6-445C-89AC-C7DFEE5775C2}.Debug|Any CPU.ActiveCfg = Debug|Any CPU
		{B29EC9D5-0FF6-445C-89AC-C7DFEE5775C2}.Debug|Any CPU.Build.0 = Debug|Any CPU
		{B29EC9D5-0FF6-445C-89AC-C7DFEE5775C2}.Release|Any CPU.ActiveCfg = Release|Any CPU
		{B29EC9D5-0FF6-445C-89AC-C7DFEE5775C2}.Release|Any CPU.Build.0 = Release|Any CPU
	EndGlobalSection
	GlobalSection(SolutionProperties) = preSolution
		HideSolutionNode = FALSE
	EndGlobalSection
	GlobalSection(NestedProjects) = preSolution
		{96E1B3DD-3FF7-4ED2-ACAB-C31EDB69E5C8} = {4BB2D89B-955C-4DC2-B7B5-112DCC1D18F5}
		{B29EC9D5-0FF6-445C-89AC-C7DFEE5775C2} = {E1957E0D-84FB-4D43-AD8A-452A50FEA7D2}
	EndGlobalSection
	GlobalSection(ExtensibilityGlobals) = postSolution
		SolutionGuid = {1B2490EB-976E-446E-A39D-19A1F8451F29}
	EndGlobalSection
EndGlobal
